// !$*UTF8*$!
{
	archiveVersion = 1;
	classes = {
	};
	objectVersion = 55;
	objects = {

/* Begin PBXBuildFile section */
		3683F175B0607E1CC64AB325 /* Pods_MessageAppDemo_MessageAppDemoUITests.framework in Frameworks */ = {isa = PBXBuildFile; fileRef = F3F048197981E49D7C7DB60C /* Pods_MessageAppDemo_MessageAppDemoUITests.framework */; };
		4E6ADCC728A4B61100ED429F /* AppDelegate.swift in Sources */ = {isa = PBXBuildFile; fileRef = 4E6ADCC628A4B61100ED429F /* AppDelegate.swift */; };
		4E6ADCC928A4B61100ED429F /* SceneDelegate.swift in Sources */ = {isa = PBXBuildFile; fileRef = 4E6ADCC828A4B61100ED429F /* SceneDelegate.swift */; };
		4E6ADCCB28A4B61100ED429F /* ChatListViewController.swift in Sources */ = {isa = PBXBuildFile; fileRef = 4E6ADCCA28A4B61100ED429F /* ChatListViewController.swift */; };
		4E6ADCCE28A4B61100ED429F /* Main.storyboard in Resources */ = {isa = PBXBuildFile; fileRef = 4E6ADCCC28A4B61100ED429F /* Main.storyboard */; };
		4E6ADCD028A4B61200ED429F /* Assets.xcassets in Resources */ = {isa = PBXBuildFile; fileRef = 4E6ADCCF28A4B61200ED429F /* Assets.xcassets */; };
		4E6ADCD328A4B61200ED429F /* LaunchScreen.storyboard in Resources */ = {isa = PBXBuildFile; fileRef = 4E6ADCD128A4B61200ED429F /* LaunchScreen.storyboard */; };
		4E6ADCDE28A4B61200ED429F /* MessageAppDemoTests.swift in Sources */ = {isa = PBXBuildFile; fileRef = 4E6ADCDD28A4B61200ED429F /* MessageAppDemoTests.swift */; };
		4E6ADCE828A4B61200ED429F /* MessageAppDemoUITests.swift in Sources */ = {isa = PBXBuildFile; fileRef = 4E6ADCE728A4B61200ED429F /* MessageAppDemoUITests.swift */; };
		4E6ADCEA28A4B61200ED429F /* MessageAppDemoUITestsLaunchTests.swift in Sources */ = {isa = PBXBuildFile; fileRef = 4E6ADCE928A4B61200ED429F /* MessageAppDemoUITestsLaunchTests.swift */; };
		4E6ADCF828A4B6CF00ED429F /* MessageKit in Frameworks */ = {isa = PBXBuildFile; productRef = 4E6ADCF728A4B6CF00ED429F /* MessageKit */; };
		4E6ADCFE28A4CBC800ED429F /* Message.swift in Sources */ = {isa = PBXBuildFile; fileRef = 4E6ADCFD28A4CBC800ED429F /* Message.swift */; };
		4E6ADD0028A4CC6600ED429F /* User.swift in Sources */ = {isa = PBXBuildFile; fileRef = 4E6ADCFF28A4CC6600ED429F /* User.swift */; };
		4E6ADD0228A4CCA800ED429F /* ChatListViewModel.swift in Sources */ = {isa = PBXBuildFile; fileRef = 4E6ADD0128A4CCA800ED429F /* ChatListViewModel.swift */; };
		4E6ADD0628A503BE00ED429F /* ChatListCell.swift in Sources */ = {isa = PBXBuildFile; fileRef = 4E6ADD0428A503BE00ED429F /* ChatListCell.swift */; };
		4E6ADD0728A503BE00ED429F /* ChatListCell.xib in Resources */ = {isa = PBXBuildFile; fileRef = 4E6ADD0528A503BE00ED429F /* ChatListCell.xib */; };
		E216013A2C20DF603DA3F88D /* Pods_MessageAppDemo.framework in Frameworks */ = {isa = PBXBuildFile; fileRef = 22F1ED2630E418E3094D3BAD /* Pods_MessageAppDemo.framework */; };
		F719D49E069C8C9BBDB235C7 /* Pods_MessageAppDemoTests.framework in Frameworks */ = {isa = PBXBuildFile; fileRef = 8EBAB29BE84844800738C0C0 /* Pods_MessageAppDemoTests.framework */; };
/* End PBXBuildFile section */

/* Begin PBXContainerItemProxy section */
		4E6ADCDA28A4B61200ED429F /* PBXContainerItemProxy */ = {
			isa = PBXContainerItemProxy;
			containerPortal = 4E6ADCBB28A4B61100ED429F /* Project object */;
			proxyType = 1;
			remoteGlobalIDString = 4E6ADCC228A4B61100ED429F;
			remoteInfo = MessageAppDemo;
		};
		4E6ADCE428A4B61200ED429F /* PBXContainerItemProxy */ = {
			isa = PBXContainerItemProxy;
			containerPortal = 4E6ADCBB28A4B61100ED429F /* Project object */;
			proxyType = 1;
			remoteGlobalIDString = 4E6ADCC228A4B61100ED429F;
			remoteInfo = MessageAppDemo;
		};
/* End PBXContainerItemProxy section */

/* Begin PBXFileReference section */
		22F1ED2630E418E3094D3BAD /* Pods_MessageAppDemo.framework */ = {isa = PBXFileReference; explicitFileType = wrapper.framework; includeInIndex = 0; path = Pods_MessageAppDemo.framework; sourceTree = BUILT_PRODUCTS_DIR; };
		38DD867DD3C536D867896CAF /* Pods-MessageAppDemoTests.release.xcconfig */ = {isa = PBXFileReference; includeInIndex = 1; lastKnownFileType = text.xcconfig; name = "Pods-MessageAppDemoTests.release.xcconfig"; path = "Target Support Files/Pods-MessageAppDemoTests/Pods-MessageAppDemoTests.release.xcconfig"; sourceTree = "<group>"; };
		4CAC5E60281BEF5B0D9F2295 /* Pods-MessageAppDemo-MessageAppDemoUITests.release.xcconfig */ = {isa = PBXFileReference; includeInIndex = 1; lastKnownFileType = text.xcconfig; name = "Pods-MessageAppDemo-MessageAppDemoUITests.release.xcconfig"; path = "Target Support Files/Pods-MessageAppDemo-MessageAppDemoUITests/Pods-MessageAppDemo-MessageAppDemoUITests.release.xcconfig"; sourceTree = "<group>"; };
		4E6ADCC328A4B61100ED429F /* MessageAppDemo.app */ = {isa = PBXFileReference; explicitFileType = wrapper.application; includeInIndex = 0; path = MessageAppDemo.app; sourceTree = BUILT_PRODUCTS_DIR; };
		4E6ADCC628A4B61100ED429F /* AppDelegate.swift */ = {isa = PBXFileReference; lastKnownFileType = sourcecode.swift; path = AppDelegate.swift; sourceTree = "<group>"; };
		4E6ADCC828A4B61100ED429F /* SceneDelegate.swift */ = {isa = PBXFileReference; lastKnownFileType = sourcecode.swift; path = SceneDelegate.swift; sourceTree = "<group>"; };
		4E6ADCCA28A4B61100ED429F /* ChatListViewController.swift */ = {isa = PBXFileReference; lastKnownFileType = sourcecode.swift; path = ChatListViewController.swift; sourceTree = "<group>"; };
		4E6ADCCD28A4B61100ED429F /* Base */ = {isa = PBXFileReference; lastKnownFileType = file.storyboard; name = Base; path = Base.lproj/Main.storyboard; sourceTree = "<group>"; };
		4E6ADCCF28A4B61200ED429F /* Assets.xcassets */ = {isa = PBXFileReference; lastKnownFileType = folder.assetcatalog; path = Assets.xcassets; sourceTree = "<group>"; };
		4E6ADCD228A4B61200ED429F /* Base */ = {isa = PBXFileReference; lastKnownFileType = file.storyboard; name = Base; path = Base.lproj/LaunchScreen.storyboard; sourceTree = "<group>"; };
		4E6ADCD428A4B61200ED429F /* Info.plist */ = {isa = PBXFileReference; lastKnownFileType = text.plist.xml; path = Info.plist; sourceTree = "<group>"; };
		4E6ADCD928A4B61200ED429F /* MessageAppDemoTests.xctest */ = {isa = PBXFileReference; explicitFileType = wrapper.cfbundle; includeInIndex = 0; path = MessageAppDemoTests.xctest; sourceTree = BUILT_PRODUCTS_DIR; };
		4E6ADCDD28A4B61200ED429F /* MessageAppDemoTests.swift */ = {isa = PBXFileReference; lastKnownFileType = sourcecode.swift; path = MessageAppDemoTests.swift; sourceTree = "<group>"; };
		4E6ADCE328A4B61200ED429F /* MessageAppDemoUITests.xctest */ = {isa = PBXFileReference; explicitFileType = wrapper.cfbundle; includeInIndex = 0; path = MessageAppDemoUITests.xctest; sourceTree = BUILT_PRODUCTS_DIR; };
		4E6ADCE728A4B61200ED429F /* MessageAppDemoUITests.swift */ = {isa = PBXFileReference; lastKnownFileType = sourcecode.swift; path = MessageAppDemoUITests.swift; sourceTree = "<group>"; };
		4E6ADCE928A4B61200ED429F /* MessageAppDemoUITestsLaunchTests.swift */ = {isa = PBXFileReference; lastKnownFileType = sourcecode.swift; path = MessageAppDemoUITestsLaunchTests.swift; sourceTree = "<group>"; };
		4E6ADCFD28A4CBC800ED429F /* Message.swift */ = {isa = PBXFileReference; lastKnownFileType = sourcecode.swift; path = Message.swift; sourceTree = "<group>"; };
		4E6ADCFF28A4CC6600ED429F /* User.swift */ = {isa = PBXFileReference; lastKnownFileType = sourcecode.swift; path = User.swift; sourceTree = "<group>"; };
		4E6ADD0128A4CCA800ED429F /* ChatListViewModel.swift */ = {isa = PBXFileReference; lastKnownFileType = sourcecode.swift; path = ChatListViewModel.swift; sourceTree = "<group>"; };
		4E6ADD0428A503BE00ED429F /* ChatListCell.swift */ = {isa = PBXFileReference; lastKnownFileType = sourcecode.swift; path = ChatListCell.swift; sourceTree = "<group>"; };
		4E6ADD0528A503BE00ED429F /* ChatListCell.xib */ = {isa = PBXFileReference; lastKnownFileType = file.xib; path = ChatListCell.xib; sourceTree = "<group>"; };
		5AF1983B22248EDC391830EC /* Pods-MessageAppDemoTests.debug.xcconfig */ = {isa = PBXFileReference; includeInIndex = 1; lastKnownFileType = text.xcconfig; name = "Pods-MessageAppDemoTests.debug.xcconfig"; path = "Target Support Files/Pods-MessageAppDemoTests/Pods-MessageAppDemoTests.debug.xcconfig"; sourceTree = "<group>"; };
		8EBAB29BE84844800738C0C0 /* Pods_MessageAppDemoTests.framework */ = {isa = PBXFileReference; explicitFileType = wrapper.framework; includeInIndex = 0; path = Pods_MessageAppDemoTests.framework; sourceTree = BUILT_PRODUCTS_DIR; };
		95A06E2FF2F19FFDDE65D24C /* Pods-MessageAppDemo.release.xcconfig */ = {isa = PBXFileReference; includeInIndex = 1; lastKnownFileType = text.xcconfig; name = "Pods-MessageAppDemo.release.xcconfig"; path = "Target Support Files/Pods-MessageAppDemo/Pods-MessageAppDemo.release.xcconfig"; sourceTree = "<group>"; };
		CB59F0D3052330359C6A8648 /* Pods-MessageAppDemo-MessageAppDemoUITests.debug.xcconfig */ = {isa = PBXFileReference; includeInIndex = 1; lastKnownFileType = text.xcconfig; name = "Pods-MessageAppDemo-MessageAppDemoUITests.debug.xcconfig"; path = "Target Support Files/Pods-MessageAppDemo-MessageAppDemoUITests/Pods-MessageAppDemo-MessageAppDemoUITests.debug.xcconfig"; sourceTree = "<group>"; };
		F3F048197981E49D7C7DB60C /* Pods_MessageAppDemo_MessageAppDemoUITests.framework */ = {isa = PBXFileReference; explicitFileType = wrapper.framework; includeInIndex = 0; path = Pods_MessageAppDemo_MessageAppDemoUITests.framework; sourceTree = BUILT_PRODUCTS_DIR; };
		F911910D6EE9CE0B86BE340E /* Pods-MessageAppDemo.debug.xcconfig */ = {isa = PBXFileReference; includeInIndex = 1; lastKnownFileType = text.xcconfig; name = "Pods-MessageAppDemo.debug.xcconfig"; path = "Target Support Files/Pods-MessageAppDemo/Pods-MessageAppDemo.debug.xcconfig"; sourceTree = "<group>"; };
/* End PBXFileReference section */

/* Begin PBXFrameworksBuildPhase section */
		4E6ADCC028A4B61100ED429F /* Frameworks */ = {
			isa = PBXFrameworksBuildPhase;
			buildActionMask = 2147483647;
			files = (
				4E6ADCF828A4B6CF00ED429F /* MessageKit in Frameworks */,
				E216013A2C20DF603DA3F88D /* Pods_MessageAppDemo.framework in Frameworks */,
			);
			runOnlyForDeploymentPostprocessing = 0;
		};
		4E6ADCD628A4B61200ED429F /* Frameworks */ = {
			isa = PBXFrameworksBuildPhase;
			buildActionMask = 2147483647;
			files = (
				F719D49E069C8C9BBDB235C7 /* Pods_MessageAppDemoTests.framework in Frameworks */,
			);
			runOnlyForDeploymentPostprocessing = 0;
		};
		4E6ADCE028A4B61200ED429F /* Frameworks */ = {
			isa = PBXFrameworksBuildPhase;
			buildActionMask = 2147483647;
			files = (
				3683F175B0607E1CC64AB325 /* Pods_MessageAppDemo_MessageAppDemoUITests.framework in Frameworks */,
			);
			runOnlyForDeploymentPostprocessing = 0;
		};
/* End PBXFrameworksBuildPhase section */

/* Begin PBXGroup section */
		4E6ADCBA28A4B61100ED429F = {
			isa = PBXGroup;
			children = (
				4E6ADCC528A4B61100ED429F /* MessageAppDemo */,
				4E6ADCDC28A4B61200ED429F /* MessageAppDemoTests */,
				4E6ADCE628A4B61200ED429F /* MessageAppDemoUITests */,
				4E6ADCC428A4B61100ED429F /* Products */,
				59DC4DB17DE55E279FB47C59 /* Pods */,
				51306D7D2EDA59D33607FB56 /* Frameworks */,
			);
			sourceTree = "<group>";
		};
		4E6ADCC428A4B61100ED429F /* Products */ = {
			isa = PBXGroup;
			children = (
				4E6ADCC328A4B61100ED429F /* MessageAppDemo.app */,
				4E6ADCD928A4B61200ED429F /* MessageAppDemoTests.xctest */,
				4E6ADCE328A4B61200ED429F /* MessageAppDemoUITests.xctest */,
			);
			name = Products;
			sourceTree = "<group>";
		};
		4E6ADCC528A4B61100ED429F /* MessageAppDemo */ = {
			isa = PBXGroup;
			children = (
				4E6ADD0328A5034D00ED429F /* View */,
				4E6ADCFC28A4CBA900ED429F /* ViewModel */,
				4E6ADCFB28A4CBA200ED429F /* Model */,
				4E6ADCFA28A4BD6800ED429F /* ViewController */,
				4E6ADCC628A4B61100ED429F /* AppDelegate.swift */,
				4E6ADCC828A4B61100ED429F /* SceneDelegate.swift */,
				4E6ADCCC28A4B61100ED429F /* Main.storyboard */,
				4E6ADCCF28A4B61200ED429F /* Assets.xcassets */,
				4E6ADCD128A4B61200ED429F /* LaunchScreen.storyboard */,
				4E6ADCD428A4B61200ED429F /* Info.plist */,
			);
			path = MessageAppDemo;
			sourceTree = "<group>";
		};
		4E6ADCDC28A4B61200ED429F /* MessageAppDemoTests */ = {
			isa = PBXGroup;
			children = (
				4E6ADCDD28A4B61200ED429F /* MessageAppDemoTests.swift */,
			);
			path = MessageAppDemoTests;
			sourceTree = "<group>";
		};
		4E6ADCE628A4B61200ED429F /* MessageAppDemoUITests */ = {
			isa = PBXGroup;
			children = (
				4E6ADCE728A4B61200ED429F /* MessageAppDemoUITests.swift */,
				4E6ADCE928A4B61200ED429F /* MessageAppDemoUITestsLaunchTests.swift */,
			);
			path = MessageAppDemoUITests;
			sourceTree = "<group>";
		};
		4E6ADCFA28A4BD6800ED429F /* ViewController */ = {
			isa = PBXGroup;
			children = (
				4E6ADCCA28A4B61100ED429F /* ChatListViewController.swift */,
			);
			path = ViewController;
			sourceTree = "<group>";
		};
		4E6ADCFB28A4CBA200ED429F /* Model */ = {
			isa = PBXGroup;
			children = (
				4E6ADCFD28A4CBC800ED429F /* Message.swift */,
				4E6ADCFF28A4CC6600ED429F /* User.swift */,
			);
			path = Model;
			sourceTree = "<group>";
		};
		4E6ADCFC28A4CBA900ED429F /* ViewModel */ = {
			isa = PBXGroup;
			children = (
				4E6ADD0128A4CCA800ED429F /* ChatListViewModel.swift */,
			);
			path = ViewModel;
			sourceTree = "<group>";
		};
		4E6ADD0328A5034D00ED429F /* View */ = {
			isa = PBXGroup;
			children = (
				4E6ADD0428A503BE00ED429F /* ChatListCell.swift */,
				4E6ADD0528A503BE00ED429F /* ChatListCell.xib */,
			);
			path = View;
			sourceTree = "<group>";
		};
		51306D7D2EDA59D33607FB56 /* Frameworks */ = {
			isa = PBXGroup;
			children = (
				22F1ED2630E418E3094D3BAD /* Pods_MessageAppDemo.framework */,
				F3F048197981E49D7C7DB60C /* Pods_MessageAppDemo_MessageAppDemoUITests.framework */,
				8EBAB29BE84844800738C0C0 /* Pods_MessageAppDemoTests.framework */,
			);
			name = Frameworks;
			sourceTree = "<group>";
		};
		59DC4DB17DE55E279FB47C59 /* Pods */ = {
			isa = PBXGroup;
			children = (
				F911910D6EE9CE0B86BE340E /* Pods-MessageAppDemo.debug.xcconfig */,
				95A06E2FF2F19FFDDE65D24C /* Pods-MessageAppDemo.release.xcconfig */,
				CB59F0D3052330359C6A8648 /* Pods-MessageAppDemo-MessageAppDemoUITests.debug.xcconfig */,
				4CAC5E60281BEF5B0D9F2295 /* Pods-MessageAppDemo-MessageAppDemoUITests.release.xcconfig */,
				5AF1983B22248EDC391830EC /* Pods-MessageAppDemoTests.debug.xcconfig */,
				38DD867DD3C536D867896CAF /* Pods-MessageAppDemoTests.release.xcconfig */,
			);
			path = Pods;
			sourceTree = "<group>";
		};
/* End PBXGroup section */

/* Begin PBXNativeTarget section */
		4E6ADCC228A4B61100ED429F /* MessageAppDemo */ = {
			isa = PBXNativeTarget;
			buildConfigurationList = 4E6ADCED28A4B61200ED429F /* Build configuration list for PBXNativeTarget "MessageAppDemo" */;
			buildPhases = (
				362E91D8218F6A6BC900278A /* [CP] Check Pods Manifest.lock */,
				4E6ADCBF28A4B61100ED429F /* Sources */,
				4E6ADCC028A4B61100ED429F /* Frameworks */,
				4E6ADCC128A4B61100ED429F /* Resources */,
				DEABD2C1CDE1424AD9F39AA6 /* [CP] Embed Pods Frameworks */,
			);
			buildRules = (
			);
			dependencies = (
			);
			name = MessageAppDemo;
			packageProductDependencies = (
				4E6ADCF728A4B6CF00ED429F /* MessageKit */,
			);
			productName = MessageAppDemo;
			productReference = 4E6ADCC328A4B61100ED429F /* MessageAppDemo.app */;
			productType = "com.apple.product-type.application";
		};
		4E6ADCD828A4B61200ED429F /* MessageAppDemoTests */ = {
			isa = PBXNativeTarget;
			buildConfigurationList = 4E6ADCF028A4B61200ED429F /* Build configuration list for PBXNativeTarget "MessageAppDemoTests" */;
			buildPhases = (
				6FA50DF8F1FF331EF265FD48 /* [CP] Check Pods Manifest.lock */,
				4E6ADCD528A4B61200ED429F /* Sources */,
				4E6ADCD628A4B61200ED429F /* Frameworks */,
				4E6ADCD728A4B61200ED429F /* Resources */,
			);
			buildRules = (
			);
			dependencies = (
				4E6ADCDB28A4B61200ED429F /* PBXTargetDependency */,
			);
			name = MessageAppDemoTests;
			productName = MessageAppDemoTests;
			productReference = 4E6ADCD928A4B61200ED429F /* MessageAppDemoTests.xctest */;
			productType = "com.apple.product-type.bundle.unit-test";
		};
		4E6ADCE228A4B61200ED429F /* MessageAppDemoUITests */ = {
			isa = PBXNativeTarget;
			buildConfigurationList = 4E6ADCF328A4B61200ED429F /* Build configuration list for PBXNativeTarget "MessageAppDemoUITests" */;
			buildPhases = (
				53393D88CC6EC958667E31BD /* [CP] Check Pods Manifest.lock */,
				4E6ADCDF28A4B61200ED429F /* Sources */,
				4E6ADCE028A4B61200ED429F /* Frameworks */,
				4E6ADCE128A4B61200ED429F /* Resources */,
				0C4011FBD9D47EB08D22944F /* [CP] Embed Pods Frameworks */,
			);
			buildRules = (
			);
			dependencies = (
				4E6ADCE528A4B61200ED429F /* PBXTargetDependency */,
			);
			name = MessageAppDemoUITests;
			productName = MessageAppDemoUITests;
			productReference = 4E6ADCE328A4B61200ED429F /* MessageAppDemoUITests.xctest */;
			productType = "com.apple.product-type.bundle.ui-testing";
		};
/* End PBXNativeTarget section */

/* Begin PBXProject section */
		4E6ADCBB28A4B61100ED429F /* Project object */ = {
			isa = PBXProject;
			attributes = {
				BuildIndependentTargetsInParallel = 1;
				LastSwiftUpdateCheck = 1340;
				LastUpgradeCheck = 1340;
				TargetAttributes = {
					4E6ADCC228A4B61100ED429F = {
						CreatedOnToolsVersion = 13.4.1;
					};
					4E6ADCD828A4B61200ED429F = {
						CreatedOnToolsVersion = 13.4.1;
						TestTargetID = 4E6ADCC228A4B61100ED429F;
					};
					4E6ADCE228A4B61200ED429F = {
						CreatedOnToolsVersion = 13.4.1;
						TestTargetID = 4E6ADCC228A4B61100ED429F;
					};
				};
			};
			buildConfigurationList = 4E6ADCBE28A4B61100ED429F /* Build configuration list for PBXProject "MessageAppDemo" */;
			compatibilityVersion = "Xcode 13.0";
			developmentRegion = en;
			hasScannedForEncodings = 0;
			knownRegions = (
				en,
				Base,
			);
			mainGroup = 4E6ADCBA28A4B61100ED429F;
			packageReferences = (
				4E6ADCF628A4B6CF00ED429F /* XCRemoteSwiftPackageReference "MessageKit" */,
			);
			productRefGroup = 4E6ADCC428A4B61100ED429F /* Products */;
			projectDirPath = "";
			projectRoot = "";
			targets = (
				4E6ADCC228A4B61100ED429F /* MessageAppDemo */,
				4E6ADCD828A4B61200ED429F /* MessageAppDemoTests */,
				4E6ADCE228A4B61200ED429F /* MessageAppDemoUITests */,
			);
		};
/* End PBXProject section */

/* Begin PBXResourcesBuildPhase section */
		4E6ADCC128A4B61100ED429F /* Resources */ = {
			isa = PBXResourcesBuildPhase;
			buildActionMask = 2147483647;
			files = (
				4E6ADCD328A4B61200ED429F /* LaunchScreen.storyboard in Resources */,
				4E6ADD0728A503BE00ED429F /* ChatListCell.xib in Resources */,
				4E6ADCD028A4B61200ED429F /* Assets.xcassets in Resources */,
				4E6ADCCE28A4B61100ED429F /* Main.storyboard in Resources */,
			);
			runOnlyForDeploymentPostprocessing = 0;
		};
		4E6ADCD728A4B61200ED429F /* Resources */ = {
			isa = PBXResourcesBuildPhase;
			buildActionMask = 2147483647;
			files = (
			);
			runOnlyForDeploymentPostprocessing = 0;
		};
		4E6ADCE128A4B61200ED429F /* Resources */ = {
			isa = PBXResourcesBuildPhase;
			buildActionMask = 2147483647;
			files = (
			);
			runOnlyForDeploymentPostprocessing = 0;
		};
/* End PBXResourcesBuildPhase section */

/* Begin PBXShellScriptBuildPhase section */
		0C4011FBD9D47EB08D22944F /* [CP] Embed Pods Frameworks */ = {
			isa = PBXShellScriptBuildPhase;
			buildActionMask = 2147483647;
			files = (
			);
			inputFileListPaths = (
				"${PODS_ROOT}/Target Support Files/Pods-MessageAppDemo-MessageAppDemoUITests/Pods-MessageAppDemo-MessageAppDemoUITests-frameworks-${CONFIGURATION}-input-files.xcfilelist",
			);
			name = "[CP] Embed Pods Frameworks";
			outputFileListPaths = (
				"${PODS_ROOT}/Target Support Files/Pods-MessageAppDemo-MessageAppDemoUITests/Pods-MessageAppDemo-MessageAppDemoUITests-frameworks-${CONFIGURATION}-output-files.xcfilelist",
			);
			runOnlyForDeploymentPostprocessing = 0;
			shellPath = /bin/sh;
			shellScript = "\"${PODS_ROOT}/Target Support Files/Pods-MessageAppDemo-MessageAppDemoUITests/Pods-MessageAppDemo-MessageAppDemoUITests-frameworks.sh\"\n";
			showEnvVarsInLog = 0;
		};
		362E91D8218F6A6BC900278A /* [CP] Check Pods Manifest.lock */ = {
			isa = PBXShellScriptBuildPhase;
			buildActionMask = 2147483647;
			files = (
			);
			inputFileListPaths = (
			);
			inputPaths = (
				"${PODS_PODFILE_DIR_PATH}/Podfile.lock",
				"${PODS_ROOT}/Manifest.lock",
			);
			name = "[CP] Check Pods Manifest.lock";
			outputFileListPaths = (
			);
			outputPaths = (
				"$(DERIVED_FILE_DIR)/Pods-MessageAppDemo-checkManifestLockResult.txt",
			);
			runOnlyForDeploymentPostprocessing = 0;
			shellPath = /bin/sh;
			shellScript = "diff \"${PODS_PODFILE_DIR_PATH}/Podfile.lock\" \"${PODS_ROOT}/Manifest.lock\" > /dev/null\nif [ $? != 0 ] ; then\n    # print error to STDERR\n    echo \"error: The sandbox is not in sync with the Podfile.lock. Run 'pod install' or update your CocoaPods installation.\" >&2\n    exit 1\nfi\n# This output is used by Xcode 'outputs' to avoid re-running this script phase.\necho \"SUCCESS\" > \"${SCRIPT_OUTPUT_FILE_0}\"\n";
			showEnvVarsInLog = 0;
		};
		53393D88CC6EC958667E31BD /* [CP] Check Pods Manifest.lock */ = {
			isa = PBXShellScriptBuildPhase;
			buildActionMask = 2147483647;
			files = (
			);
			inputFileListPaths = (
			);
			inputPaths = (
				"${PODS_PODFILE_DIR_PATH}/Podfile.lock",
				"${PODS_ROOT}/Manifest.lock",
			);
			name = "[CP] Check Pods Manifest.lock";
			outputFileListPaths = (
			);
			outputPaths = (
				"$(DERIVED_FILE_DIR)/Pods-MessageAppDemo-MessageAppDemoUITests-checkManifestLockResult.txt",
			);
			runOnlyForDeploymentPostprocessing = 0;
			shellPath = /bin/sh;
			shellScript = "diff \"${PODS_PODFILE_DIR_PATH}/Podfile.lock\" \"${PODS_ROOT}/Manifest.lock\" > /dev/null\nif [ $? != 0 ] ; then\n    # print error to STDERR\n    echo \"error: The sandbox is not in sync with the Podfile.lock. Run 'pod install' or update your CocoaPods installation.\" >&2\n    exit 1\nfi\n# This output is used by Xcode 'outputs' to avoid re-running this script phase.\necho \"SUCCESS\" > \"${SCRIPT_OUTPUT_FILE_0}\"\n";
			showEnvVarsInLog = 0;
		};
		6FA50DF8F1FF331EF265FD48 /* [CP] Check Pods Manifest.lock */ = {
			isa = PBXShellScriptBuildPhase;
			buildActionMask = 2147483647;
			files = (
			);
			inputFileListPaths = (
			);
			inputPaths = (
				"${PODS_PODFILE_DIR_PATH}/Podfile.lock",
				"${PODS_ROOT}/Manifest.lock",
			);
			name = "[CP] Check Pods Manifest.lock";
			outputFileListPaths = (
			);
			outputPaths = (
				"$(DERIVED_FILE_DIR)/Pods-MessageAppDemoTests-checkManifestLockResult.txt",
			);
			runOnlyForDeploymentPostprocessing = 0;
			shellPath = /bin/sh;
			shellScript = "diff \"${PODS_PODFILE_DIR_PATH}/Podfile.lock\" \"${PODS_ROOT}/Manifest.lock\" > /dev/null\nif [ $? != 0 ] ; then\n    # print error to STDERR\n    echo \"error: The sandbox is not in sync with the Podfile.lock. Run 'pod install' or update your CocoaPods installation.\" >&2\n    exit 1\nfi\n# This output is used by Xcode 'outputs' to avoid re-running this script phase.\necho \"SUCCESS\" > \"${SCRIPT_OUTPUT_FILE_0}\"\n";
			showEnvVarsInLog = 0;
		};
		DEABD2C1CDE1424AD9F39AA6 /* [CP] Embed Pods Frameworks */ = {
			isa = PBXShellScriptBuildPhase;
			buildActionMask = 2147483647;
			files = (
			);
			inputFileListPaths = (
				"${PODS_ROOT}/Target Support Files/Pods-MessageAppDemo/Pods-MessageAppDemo-frameworks-${CONFIGURATION}-input-files.xcfilelist",
			);
			name = "[CP] Embed Pods Frameworks";
			outputFileListPaths = (
				"${PODS_ROOT}/Target Support Files/Pods-MessageAppDemo/Pods-MessageAppDemo-frameworks-${CONFIGURATION}-output-files.xcfilelist",
			);
			runOnlyForDeploymentPostprocessing = 0;
			shellPath = /bin/sh;
			shellScript = "\"${PODS_ROOT}/Target Support Files/Pods-MessageAppDemo/Pods-MessageAppDemo-frameworks.sh\"\n";
			showEnvVarsInLog = 0;
		};
/* End PBXShellScriptBuildPhase section */

/* Begin PBXSourcesBuildPhase section */
		4E6ADCBF28A4B61100ED429F /* Sources */ = {
			isa = PBXSourcesBuildPhase;
			buildActionMask = 2147483647;
			files = (
				4E6ADD0228A4CCA800ED429F /* ChatListViewModel.swift in Sources */,
				4E6ADCCB28A4B61100ED429F /* ChatListViewController.swift in Sources */,
				4E6ADCFE28A4CBC800ED429F /* Message.swift in Sources */,
				4E6ADD0628A503BE00ED429F /* ChatListCell.swift in Sources */,
				4E6ADCC728A4B61100ED429F /* AppDelegate.swift in Sources */,
				4E6ADD0028A4CC6600ED429F /* User.swift in Sources */,
				4E6ADCC928A4B61100ED429F /* SceneDelegate.swift in Sources */,
			);
			runOnlyForDeploymentPostprocessing = 0;
		};
		4E6ADCD528A4B61200ED429F /* Sources */ = {
			isa = PBXSourcesBuildPhase;
			buildActionMask = 2147483647;
			files = (
				4E6ADCDE28A4B61200ED429F /* MessageAppDemoTests.swift in Sources */,
			);
			runOnlyForDeploymentPostprocessing = 0;
		};
		4E6ADCDF28A4B61200ED429F /* Sources */ = {
			isa = PBXSourcesBuildPhase;
			buildActionMask = 2147483647;
			files = (
				4E6ADCE828A4B61200ED429F /* MessageAppDemoUITests.swift in Sources */,
				4E6ADCEA28A4B61200ED429F /* MessageAppDemoUITestsLaunchTests.swift in Sources */,
			);
			runOnlyForDeploymentPostprocessing = 0;
		};
/* End PBXSourcesBuildPhase section */

/* Begin PBXTargetDependency section */
		4E6ADCDB28A4B61200ED429F /* PBXTargetDependency */ = {
			isa = PBXTargetDependency;
			target = 4E6ADCC228A4B61100ED429F /* MessageAppDemo */;
			targetProxy = 4E6ADCDA28A4B61200ED429F /* PBXContainerItemProxy */;
		};
		4E6ADCE528A4B61200ED429F /* PBXTargetDependency */ = {
			isa = PBXTargetDependency;
			target = 4E6ADCC228A4B61100ED429F /* MessageAppDemo */;
			targetProxy = 4E6ADCE428A4B61200ED429F /* PBXContainerItemProxy */;
		};
/* End PBXTargetDependency section */

/* Begin PBXVariantGroup section */
		4E6ADCCC28A4B61100ED429F /* Main.storyboard */ = {
			isa = PBXVariantGroup;
			children = (
				4E6ADCCD28A4B61100ED429F /* Base */,
			);
			name = Main.storyboard;
			sourceTree = "<group>";
		};
		4E6ADCD128A4B61200ED429F /* LaunchScreen.storyboard */ = {
			isa = PBXVariantGroup;
			children = (
				4E6ADCD228A4B61200ED429F /* Base */,
			);
			name = LaunchScreen.storyboard;
			sourceTree = "<group>";
		};
/* End PBXVariantGroup section */

/* Begin XCBuildConfiguration section */
		4E6ADCEB28A4B61200ED429F /* Debug */ = {
			isa = XCBuildConfiguration;
			buildSettings = {
				ALWAYS_SEARCH_USER_PATHS = NO;
				CLANG_ANALYZER_NONNULL = YES;
				CLANG_ANALYZER_NUMBER_OBJECT_CONVERSION = YES_AGGRESSIVE;
				CLANG_CXX_LANGUAGE_STANDARD = "gnu++17";
				CLANG_ENABLE_MODULES = YES;
				CLANG_ENABLE_OBJC_ARC = YES;
				CLANG_ENABLE_OBJC_WEAK = YES;
				CLANG_WARN_BLOCK_CAPTURE_AUTORELEASING = YES;
				CLANG_WARN_BOOL_CONVERSION = YES;
				CLANG_WARN_COMMA = YES;
				CLANG_WARN_CONSTANT_CONVERSION = YES;
				CLANG_WARN_DEPRECATED_OBJC_IMPLEMENTATIONS = YES;
				CLANG_WARN_DIRECT_OBJC_ISA_USAGE = YES_ERROR;
				CLANG_WARN_DOCUMENTATION_COMMENTS = YES;
				CLANG_WARN_EMPTY_BODY = YES;
				CLANG_WARN_ENUM_CONVERSION = YES;
				CLANG_WARN_INFINITE_RECURSION = YES;
				CLANG_WARN_INT_CONVERSION = YES;
				CLANG_WARN_NON_LITERAL_NULL_CONVERSION = YES;
				CLANG_WARN_OBJC_IMPLICIT_RETAIN_SELF = YES;
				CLANG_WARN_OBJC_LITERAL_CONVERSION = YES;
				CLANG_WARN_OBJC_ROOT_CLASS = YES_ERROR;
				CLANG_WARN_QUOTED_INCLUDE_IN_FRAMEWORK_HEADER = YES;
				CLANG_WARN_RANGE_LOOP_ANALYSIS = YES;
				CLANG_WARN_STRICT_PROTOTYPES = YES;
				CLANG_WARN_SUSPICIOUS_MOVE = YES;
				CLANG_WARN_UNGUARDED_AVAILABILITY = YES_AGGRESSIVE;
				CLANG_WARN_UNREACHABLE_CODE = YES;
				CLANG_WARN__DUPLICATE_METHOD_MATCH = YES;
				COPY_PHASE_STRIP = NO;
				DEBUG_INFORMATION_FORMAT = dwarf;
				ENABLE_STRICT_OBJC_MSGSEND = YES;
				ENABLE_TESTABILITY = YES;
				GCC_C_LANGUAGE_STANDARD = gnu11;
				GCC_DYNAMIC_NO_PIC = NO;
				GCC_NO_COMMON_BLOCKS = YES;
				GCC_OPTIMIZATION_LEVEL = 0;
				GCC_PREPROCESSOR_DEFINITIONS = (
					"DEBUG=1",
					"$(inherited)",
				);
				GCC_WARN_64_TO_32_BIT_CONVERSION = YES;
				GCC_WARN_ABOUT_RETURN_TYPE = YES_ERROR;
				GCC_WARN_UNDECLARED_SELECTOR = YES;
				GCC_WARN_UNINITIALIZED_AUTOS = YES_AGGRESSIVE;
				GCC_WARN_UNUSED_FUNCTION = YES;
				GCC_WARN_UNUSED_VARIABLE = YES;
				IPHONEOS_DEPLOYMENT_TARGET = 15.5;
				MTL_ENABLE_DEBUG_INFO = INCLUDE_SOURCE;
				MTL_FAST_MATH = YES;
				ONLY_ACTIVE_ARCH = YES;
				SDKROOT = iphoneos;
				SWIFT_ACTIVE_COMPILATION_CONDITIONS = DEBUG;
				SWIFT_OPTIMIZATION_LEVEL = "-Onone";
			};
			name = Debug;
		};
		4E6ADCEC28A4B61200ED429F /* Release */ = {
			isa = XCBuildConfiguration;
			buildSettings = {
				ALWAYS_SEARCH_USER_PATHS = NO;
				CLANG_ANALYZER_NONNULL = YES;
				CLANG_ANALYZER_NUMBER_OBJECT_CONVERSION = YES_AGGRESSIVE;
				CLANG_CXX_LANGUAGE_STANDARD = "gnu++17";
				CLANG_ENABLE_MODULES = YES;
				CLANG_ENABLE_OBJC_ARC = YES;
				CLANG_ENABLE_OBJC_WEAK = YES;
				CLANG_WARN_BLOCK_CAPTURE_AUTORELEASING = YES;
				CLANG_WARN_BOOL_CONVERSION = YES;
				CLANG_WARN_COMMA = YES;
				CLANG_WARN_CONSTANT_CONVERSION = YES;
				CLANG_WARN_DEPRECATED_OBJC_IMPLEMENTATIONS = YES;
				CLANG_WARN_DIRECT_OBJC_ISA_USAGE = YES_ERROR;
				CLANG_WARN_DOCUMENTATION_COMMENTS = YES;
				CLANG_WARN_EMPTY_BODY = YES;
				CLANG_WARN_ENUM_CONVERSION = YES;
				CLANG_WARN_INFINITE_RECURSION = YES;
				CLANG_WARN_INT_CONVERSION = YES;
				CLANG_WARN_NON_LITERAL_NULL_CONVERSION = YES;
				CLANG_WARN_OBJC_IMPLICIT_RETAIN_SELF = YES;
				CLANG_WARN_OBJC_LITERAL_CONVERSION = YES;
				CLANG_WARN_OBJC_ROOT_CLASS = YES_ERROR;
				CLANG_WARN_QUOTED_INCLUDE_IN_FRAMEWORK_HEADER = YES;
				CLANG_WARN_RANGE_LOOP_ANALYSIS = YES;
				CLANG_WARN_STRICT_PROTOTYPES = YES;
				CLANG_WARN_SUSPICIOUS_MOVE = YES;
				CLANG_WARN_UNGUARDED_AVAILABILITY = YES_AGGRESSIVE;
				CLANG_WARN_UNREACHABLE_CODE = YES;
				CLANG_WARN__DUPLICATE_METHOD_MATCH = YES;
				COPY_PHASE_STRIP = NO;
				DEBUG_INFORMATION_FORMAT = "dwarf-with-dsym";
				ENABLE_NS_ASSERTIONS = NO;
				ENABLE_STRICT_OBJC_MSGSEND = YES;
				GCC_C_LANGUAGE_STANDARD = gnu11;
				GCC_NO_COMMON_BLOCKS = YES;
				GCC_WARN_64_TO_32_BIT_CONVERSION = YES;
				GCC_WARN_ABOUT_RETURN_TYPE = YES_ERROR;
				GCC_WARN_UNDECLARED_SELECTOR = YES;
				GCC_WARN_UNINITIALIZED_AUTOS = YES_AGGRESSIVE;
				GCC_WARN_UNUSED_FUNCTION = YES;
				GCC_WARN_UNUSED_VARIABLE = YES;
				IPHONEOS_DEPLOYMENT_TARGET = 15.5;
				MTL_ENABLE_DEBUG_INFO = NO;
				MTL_FAST_MATH = YES;
				SDKROOT = iphoneos;
				SWIFT_COMPILATION_MODE = wholemodule;
				SWIFT_OPTIMIZATION_LEVEL = "-O";
				VALIDATE_PRODUCT = YES;
			};
			name = Release;
		};
		4E6ADCEE28A4B61200ED429F /* Debug */ = {
			isa = XCBuildConfiguration;
			baseConfigurationReference = F911910D6EE9CE0B86BE340E /* Pods-MessageAppDemo.debug.xcconfig */;
			buildSettings = {
				ASSETCATALOG_COMPILER_APPICON_NAME = AppIcon;
				ASSETCATALOG_COMPILER_GLOBAL_ACCENT_COLOR_NAME = AccentColor;
				CODE_SIGN_STYLE = Automatic;
				CURRENT_PROJECT_VERSION = 1;
				DEVELOPMENT_TEAM = VKR6UNZB83;
				GENERATE_INFOPLIST_FILE = YES;
				INFOPLIST_FILE = MessageAppDemo/Info.plist;
				INFOPLIST_KEY_UIApplicationSupportsIndirectInputEvents = YES;
				INFOPLIST_KEY_UILaunchStoryboardName = LaunchScreen;
				INFOPLIST_KEY_UIMainStoryboardFile = Main;
				INFOPLIST_KEY_UISupportedInterfaceOrientations_iPad = "UIInterfaceOrientationPortrait UIInterfaceOrientationPortraitUpsideDown UIInterfaceOrientationLandscapeLeft UIInterfaceOrientationLandscapeRight";
				INFOPLIST_KEY_UISupportedInterfaceOrientations_iPhone = "UIInterfaceOrientationPortrait UIInterfaceOrientationLandscapeLeft UIInterfaceOrientationLandscapeRight";
				LD_RUNPATH_SEARCH_PATHS = (
					"$(inherited)",
					"@executable_path/Frameworks",
				);
				MARKETING_VERSION = 1.0;
				PRODUCT_BUNDLE_IDENTIFIER = com.bonyuta.MessageAppDemo;
				PRODUCT_NAME = "$(TARGET_NAME)";
				SWIFT_EMIT_LOC_STRINGS = YES;
				SWIFT_VERSION = 5.0;
				TARGETED_DEVICE_FAMILY = "1,2";
			};
			name = Debug;
		};
		4E6ADCEF28A4B61200ED429F /* Release */ = {
			isa = XCBuildConfiguration;
			baseConfigurationReference = 95A06E2FF2F19FFDDE65D24C /* Pods-MessageAppDemo.release.xcconfig */;
			buildSettings = {
				ASSETCATALOG_COMPILER_APPICON_NAME = AppIcon;
				ASSETCATALOG_COMPILER_GLOBAL_ACCENT_COLOR_NAME = AccentColor;
				CODE_SIGN_STYLE = Automatic;
				CURRENT_PROJECT_VERSION = 1;
				DEVELOPMENT_TEAM = VKR6UNZB83;
				GENERATE_INFOPLIST_FILE = YES;
				INFOPLIST_FILE = MessageAppDemo/Info.plist;
				INFOPLIST_KEY_UIApplicationSupportsIndirectInputEvents = YES;
				INFOPLIST_KEY_UILaunchStoryboardName = LaunchScreen;
				INFOPLIST_KEY_UIMainStoryboardFile = Main;
				INFOPLIST_KEY_UISupportedInterfaceOrientations_iPad = "UIInterfaceOrientationPortrait UIInterfaceOrientationPortraitUpsideDown UIInterfaceOrientationLandscapeLeft UIInterfaceOrientationLandscapeRight";
				INFOPLIST_KEY_UISupportedInterfaceOrientations_iPhone = "UIInterfaceOrientationPortrait UIInterfaceOrientationLandscapeLeft UIInterfaceOrientationLandscapeRight";
				LD_RUNPATH_SEARCH_PATHS = (
					"$(inherited)",
					"@executable_path/Frameworks",
				);
				MARKETING_VERSION = 1.0;
				PRODUCT_BUNDLE_IDENTIFIER = com.bonyuta.MessageAppDemo;
				PRODUCT_NAME = "$(TARGET_NAME)";
				SWIFT_EMIT_LOC_STRINGS = YES;
				SWIFT_VERSION = 5.0;
				TARGETED_DEVICE_FAMILY = "1,2";
			};
			name = Release;
		};
		4E6ADCF128A4B61200ED429F /* Debug */ = {
			isa = XCBuildConfiguration;
			baseConfigurationReference = 5AF1983B22248EDC391830EC /* Pods-MessageAppDemoTests.debug.xcconfig */;
			buildSettings = {
				ALWAYS_EMBED_SWIFT_STANDARD_LIBRARIES = YES;
				BUNDLE_LOADER = "$(TEST_HOST)";
				CODE_SIGN_STYLE = Automatic;
				CURRENT_PROJECT_VERSION = 1;
				DEVELOPMENT_TEAM = VKR6UNZB83;
				GENERATE_INFOPLIST_FILE = YES;
				IPHONEOS_DEPLOYMENT_TARGET = 15.5;
				MARKETING_VERSION = 1.0;
				PRODUCT_BUNDLE_IDENTIFIER = com.bonyuta.MessageAppDemoTests;
				PRODUCT_NAME = "$(TARGET_NAME)";
				SWIFT_EMIT_LOC_STRINGS = NO;
				SWIFT_VERSION = 5.0;
				TARGETED_DEVICE_FAMILY = "1,2";
				TEST_HOST = "$(BUILT_PRODUCTS_DIR)/MessageAppDemo.app/MessageAppDemo";
			};
			name = Debug;
		};
		4E6ADCF228A4B61200ED429F /* Release */ = {
			isa = XCBuildConfiguration;
			baseConfigurationReference = 38DD867DD3C536D867896CAF /* Pods-MessageAppDemoTests.release.xcconfig */;
			buildSettings = {
				ALWAYS_EMBED_SWIFT_STANDARD_LIBRARIES = YES;
				BUNDLE_LOADER = "$(TEST_HOST)";
				CODE_SIGN_STYLE = Automatic;
				CURRENT_PROJECT_VERSION = 1;
				DEVELOPMENT_TEAM = VKR6UNZB83;
				GENERATE_INFOPLIST_FILE = YES;
				IPHONEOS_DEPLOYMENT_TARGET = 15.5;
				MARKETING_VERSION = 1.0;
				PRODUCT_BUNDLE_IDENTIFIER = com.bonyuta.MessageAppDemoTests;
				PRODUCT_NAME = "$(TARGET_NAME)";
				SWIFT_EMIT_LOC_STRINGS = NO;
				SWIFT_VERSION = 5.0;
				TARGETED_DEVICE_FAMILY = "1,2";
				TEST_HOST = "$(BUILT_PRODUCTS_DIR)/MessageAppDemo.app/MessageAppDemo";
			};
			name = Release;
		};
		4E6ADCF428A4B61200ED429F /* Debug */ = {
			isa = XCBuildConfiguration;
			baseConfigurationReference = CB59F0D3052330359C6A8648 /* Pods-MessageAppDemo-MessageAppDemoUITests.debug.xcconfig */;
			buildSettings = {
				ALWAYS_EMBED_SWIFT_STANDARD_LIBRARIES = YES;
				CODE_SIGN_STYLE = Automatic;
				CURRENT_PROJECT_VERSION = 1;
				DEVELOPMENT_TEAM = VKR6UNZB83;
				GENERATE_INFOPLIST_FILE = YES;
				MARKETING_VERSION = 1.0;
				PRODUCT_BUNDLE_IDENTIFIER = com.bonyuta.MessageAppDemoUITests;
				PRODUCT_NAME = "$(TARGET_NAME)";
				SWIFT_EMIT_LOC_STRINGS = NO;
				SWIFT_VERSION = 5.0;
				TARGETED_DEVICE_FAMILY = "1,2";
				TEST_TARGET_NAME = MessageAppDemo;
			};
			name = Debug;
		};
		4E6ADCF528A4B61200ED429F /* Release */ = {
			isa = XCBuildConfiguration;
			baseConfigurationReference = 4CAC5E60281BEF5B0D9F2295 /* Pods-MessageAppDemo-MessageAppDemoUITests.release.xcconfig */;
			buildSettings = {
				ALWAYS_EMBED_SWIFT_STANDARD_LIBRARIES = YES;
				CODE_SIGN_STYLE = Automatic;
				CURRENT_PROJECT_VERSION = 1;
				DEVELOPMENT_TEAM = VKR6UNZB83;
				GENERATE_INFOPLIST_FILE = YES;
				MARKETING_VERSION = 1.0;
				PRODUCT_BUNDLE_IDENTIFIER = com.bonyuta.MessageAppDemoUITests;
				PRODUCT_NAME = "$(TARGET_NAME)";
				SWIFT_EMIT_LOC_STRINGS = NO;
				SWIFT_VERSION = 5.0;
				TARGETED_DEVICE_FAMILY = "1,2";
				TEST_TARGET_NAME = MessageAppDemo;
			};
			name = Release;
		};
/* End XCBuildConfiguration section */

/* Begin XCConfigurationList section */
		4E6ADCBE28A4B61100ED429F /* Build configuration list for PBXProject "MessageAppDemo" */ = {
			isa = XCConfigurationList;
			buildConfigurations = (
				4E6ADCEB28A4B61200ED429F /* Debug */,
				4E6ADCEC28A4B61200ED429F /* Release */,
			);
			defaultConfigurationIsVisible = 0;
			defaultConfigurationName = Release;
		};
		4E6ADCED28A4B61200ED429F /* Build configuration list for PBXNativeTarget "MessageAppDemo" */ = {
			isa = XCConfigurationList;
			buildConfigurations = (
				4E6ADCEE28A4B61200ED429F /* Debug */,
				4E6ADCEF28A4B61200ED429F /* Release */,
			);
			defaultConfigurationIsVisible = 0;
			defaultConfigurationName = Release;
		};
		4E6ADCF028A4B61200ED429F /* Build configuration list for PBXNativeTarget "MessageAppDemoTests" */ = {
			isa = XCConfigurationList;
			buildConfigurations = (
				4E6ADCF128A4B61200ED429F /* Debug */,
				4E6ADCF228A4B61200ED429F /* Release */,
			);
			defaultConfigurationIsVisible = 0;
			defaultConfigurationName = Release;
		};
		4E6ADCF328A4B61200ED429F /* Build configuration list for PBXNativeTarget "MessageAppDemoUITests" */ = {
			isa = XCConfigurationList;
			buildConfigurations = (
				4E6ADCF428A4B61200ED429F /* Debug */,
				4E6ADCF528A4B61200ED429F /* Release */,
			);
			defaultConfigurationIsVisible = 0;
			defaultConfigurationName = Release;
		};
/* End XCConfigurationList section */

/* Begin XCRemoteSwiftPackageReference section */
		4E6ADCF628A4B6CF00ED429F /* XCRemoteSwiftPackageReference "MessageKit" */ = {
			isa = XCRemoteSwiftPackageReference;
			repositoryURL = "https://github.com/MessageKit/MessageKit";
			requirement = {
				kind = upToNextMajorVersion;
				minimumVersion = 4.0.0;
			};
		};
/* End XCRemoteSwiftPackageReference section */

/* Begin XCSwiftPackageProductDependency section */
		4E6ADCF728A4B6CF00ED429F /* MessageKit */ = {
			isa = XCSwiftPackageProductDependency;
			package = 4E6ADCF628A4B6CF00ED429F /* XCRemoteSwiftPackageReference "MessageKit" */;
			productName = MessageKit;
		};
/* End XCSwiftPackageProductDependency section */
	};
	rootObject = 4E6ADCBB28A4B61100ED429F /* Project object */;
}
